// !$*UTF8*$!
{
	archiveVersion = 1;
	classes = {
	};
	objectVersion = 56;
	objects = {

/* Begin PBXBuildFile section */
		45EAC8D42936019200C79A5D /* WidgetIntentConfigDemoApp.swift in Sources */ = {isa = PBXBuildFile; fileRef = 45EAC8D32936019200C79A5D /* WidgetIntentConfigDemoApp.swift */; };
		45EAC8D62936019200C79A5D /* ContentView.swift in Sources */ = {isa = PBXBuildFile; fileRef = 45EAC8D52936019200C79A5D /* ContentView.swift */; };
		45EAC8D82936019300C79A5D /* Assets.xcassets in Resources */ = {isa = PBXBuildFile; fileRef = 45EAC8D72936019300C79A5D /* Assets.xcassets */; };
		45EAC8DB2936019300C79A5D /* Preview Assets.xcassets in Resources */ = {isa = PBXBuildFile; fileRef = 45EAC8DA2936019300C79A5D /* Preview Assets.xcassets */; };
		45EAC8E8293601AD00C79A5D /* WidgetKit.framework in Frameworks */ = {isa = PBXBuildFile; fileRef = 45EAC8E7293601AD00C79A5D /* WidgetKit.framework */; };
		45EAC8EA293601AD00C79A5D /* SwiftUI.framework in Frameworks */ = {isa = PBXBuildFile; fileRef = 45EAC8E9293601AD00C79A5D /* SwiftUI.framework */; };
		45EAC8ED293601AD00C79A5D /* WidgetExtensionDemoBundle.swift in Sources */ = {isa = PBXBuildFile; fileRef = 45EAC8EC293601AD00C79A5D /* WidgetExtensionDemoBundle.swift */; };
		45EAC8EF293601AD00C79A5D /* WidgetExtensionDemo.swift in Sources */ = {isa = PBXBuildFile; fileRef = 45EAC8EE293601AD00C79A5D /* WidgetExtensionDemo.swift */; };
		45EAC8F1293601AD00C79A5D /* Assets.xcassets in Resources */ = {isa = PBXBuildFile; fileRef = 45EAC8F0293601AD00C79A5D /* Assets.xcassets */; };
		45EAC8F5293601AD00C79A5D /* WidgetExtensionDemoExtension.appex in Embed Foundation Extensions */ = {isa = PBXBuildFile; fileRef = 45EAC8E5293601AD00C79A5D /* WidgetExtensionDemoExtension.appex */; settings = {ATTRIBUTES = (RemoveHeadersOnCopy, ); }; };
		45EAC8FB293604F000C79A5D /* ApodWidgetConfiguration.intentdefinition in Sources */ = {isa = PBXBuildFile; fileRef = 45EAC8FA293604F000C79A5D /* ApodWidgetConfiguration.intentdefinition */; };
		45EAC8FC293604F000C79A5D /* ApodWidgetConfiguration.intentdefinition in Sources */ = {isa = PBXBuildFile; fileRef = 45EAC8FA293604F000C79A5D /* ApodWidgetConfiguration.intentdefinition */; };
		45EAC900293607B300C79A5D /* ApodImageProvider.swift in Sources */ = {isa = PBXBuildFile; fileRef = 45EAC8FE293607B300C79A5D /* ApodImageProvider.swift */; };
/* End PBXBuildFile section */

/* Begin PBXContainerItemProxy section */
		45EAC8F3293601AD00C79A5D /* PBXContainerItemProxy */ = {
			isa = PBXContainerItemProxy;
			containerPortal = 45EAC8C82936019200C79A5D /* Project object */;
			proxyType = 1;
			remoteGlobalIDString = 45EAC8E4293601AD00C79A5D;
			remoteInfo = WidgetExtensionDemoExtension;
		};
/* End PBXContainerItemProxy section */

/* Begin PBXCopyFilesBuildPhase section */
		45EAC8F9293601AD00C79A5D /* Embed Foundation Extensions */ = {
			isa = PBXCopyFilesBuildPhase;
			buildActionMask = 2147483647;
			dstPath = "";
			dstSubfolderSpec = 13;
			files = (
				45EAC8F5293601AD00C79A5D /* WidgetExtensionDemoExtension.appex in Embed Foundation Extensions */,
			);
			name = "Embed Foundation Extensions";
			runOnlyForDeploymentPostprocessing = 0;
		};
/* End PBXCopyFilesBuildPhase section */

/* Begin PBXFileReference section */
		45EAC8D02936019200C79A5D /* WidgetIntentConfigDemo.app */ = {isa = PBXFileReference; explicitFileType = wrapper.application; includeInIndex = 0; path = WidgetIntentConfigDemo.app; sourceTree = BUILT_PRODUCTS_DIR; };
		45EAC8D32936019200C79A5D /* WidgetIntentConfigDemoApp.swift */ = {isa = PBXFileReference; lastKnownFileType = sourcecode.swift; path = WidgetIntentConfigDemoApp.swift; sourceTree = "<group>"; };
		45EAC8D52936019200C79A5D /* ContentView.swift */ = {isa = PBXFileReference; lastKnownFileType = sourcecode.swift; path = ContentView.swift; sourceTree = "<group>"; };
		45EAC8D72936019300C79A5D /* Assets.xcassets */ = {isa = PBXFileReference; lastKnownFileType = folder.assetcatalog; path = Assets.xcassets; sourceTree = "<group>"; };
		45EAC8DA2936019300C79A5D /* Preview Assets.xcassets */ = {isa = PBXFileReference; lastKnownFileType = folder.assetcatalog; path = "Preview Assets.xcassets"; sourceTree = "<group>"; };
		45EAC8E5293601AD00C79A5D /* WidgetExtensionDemoExtension.appex */ = {isa = PBXFileReference; explicitFileType = "wrapper.app-extension"; includeInIndex = 0; path = WidgetExtensionDemoExtension.appex; sourceTree = BUILT_PRODUCTS_DIR; };
		45EAC8E7293601AD00C79A5D /* WidgetKit.framework */ = {isa = PBXFileReference; lastKnownFileType = wrapper.framework; name = WidgetKit.framework; path = System/Library/Frameworks/WidgetKit.framework; sourceTree = SDKROOT; };
		45EAC8E9293601AD00C79A5D /* SwiftUI.framework */ = {isa = PBXFileReference; lastKnownFileType = wrapper.framework; name = SwiftUI.framework; path = System/Library/Frameworks/SwiftUI.framework; sourceTree = SDKROOT; };
		45EAC8EC293601AD00C79A5D /* WidgetExtensionDemoBundle.swift */ = {isa = PBXFileReference; lastKnownFileType = sourcecode.swift; path = WidgetExtensionDemoBundle.swift; sourceTree = "<group>"; };
		45EAC8EE293601AD00C79A5D /* WidgetExtensionDemo.swift */ = {isa = PBXFileReference; lastKnownFileType = sourcecode.swift; path = WidgetExtensionDemo.swift; sourceTree = "<group>"; };
		45EAC8F0293601AD00C79A5D /* Assets.xcassets */ = {isa = PBXFileReference; lastKnownFileType = folder.assetcatalog; path = Assets.xcassets; sourceTree = "<group>"; };
		45EAC8F2293601AD00C79A5D /* Info.plist */ = {isa = PBXFileReference; lastKnownFileType = text.plist.xml; path = Info.plist; sourceTree = "<group>"; };
		45EAC8FA293604F000C79A5D /* ApodWidgetConfiguration.intentdefinition */ = {isa = PBXFileReference; lastKnownFileType = file.intentdefinition; path = ApodWidgetConfiguration.intentdefinition; sourceTree = "<group>"; };
		45EAC8FD2936050D00C79A5D /* Info.plist */ = {isa = PBXFileReference; lastKnownFileType = text.plist; path = Info.plist; sourceTree = "<group>"; };
		45EAC8FE293607B300C79A5D /* ApodImageProvider.swift */ = {isa = PBXFileReference; lastKnownFileType = sourcecode.swift; path = ApodImageProvider.swift; sourceTree = "<group>"; };
/* End PBXFileReference section */

/* Begin PBXFrameworksBuildPhase section */
		45EAC8CD2936019200C79A5D /* Frameworks */ = {
			isa = PBXFrameworksBuildPhase;
			buildActionMask = 2147483647;
			files = (
			);
			runOnlyForDeploymentPostprocessing = 0;
		};
		45EAC8E2293601AD00C79A5D /* Frameworks */ = {
			isa = PBXFrameworksBuildPhase;
			buildActionMask = 2147483647;
			files = (
				45EAC8EA293601AD00C79A5D /* SwiftUI.framework in Frameworks */,
				45EAC8E8293601AD00C79A5D /* WidgetKit.framework in Frameworks */,
			);
			runOnlyForDeploymentPostprocessing = 0;
		};
/* End PBXFrameworksBuildPhase section */

/* Begin PBXGroup section */
		45EAC8C72936019200C79A5D = {
			isa = PBXGroup;
			children = (
				45EAC8D22936019200C79A5D /* WidgetIntentConfigDemo */,
				45EAC8EB293601AD00C79A5D /* WidgetExtensionDemo */,
				45EAC8E6293601AD00C79A5D /* Frameworks */,
				45EAC8D12936019200C79A5D /* Products */,
			);
			sourceTree = "<group>";
		};
		45EAC8D12936019200C79A5D /* Products */ = {
			isa = PBXGroup;
			children = (
				45EAC8D02936019200C79A5D /* WidgetIntentConfigDemo.app */,
				45EAC8E5293601AD00C79A5D /* WidgetExtensionDemoExtension.appex */,
			);
			name = Products;
			sourceTree = "<group>";
		};
		45EAC8D22936019200C79A5D /* WidgetIntentConfigDemo */ = {
			isa = PBXGroup;
			children = (
				45EAC8FD2936050D00C79A5D /* Info.plist */,
				45EAC8D32936019200C79A5D /* WidgetIntentConfigDemoApp.swift */,
				45EAC8D52936019200C79A5D /* ContentView.swift */,
				45EAC8D72936019300C79A5D /* Assets.xcassets */,
				45EAC8D92936019300C79A5D /* Preview Content */,
				45EAC8FA293604F000C79A5D /* ApodWidgetConfiguration.intentdefinition */,
			);
			path = WidgetIntentConfigDemo;
			sourceTree = "<group>";
		};
		45EAC8D92936019300C79A5D /* Preview Content */ = {
			isa = PBXGroup;
			children = (
				45EAC8DA2936019300C79A5D /* Preview Assets.xcassets */,
			);
			path = "Preview Content";
			sourceTree = "<group>";
		};
		45EAC8E6293601AD00C79A5D /* Frameworks */ = {
			isa = PBXGroup;
			children = (
				45EAC8E7293601AD00C79A5D /* WidgetKit.framework */,
				45EAC8E9293601AD00C79A5D /* SwiftUI.framework */,
			);
			name = Frameworks;
			sourceTree = "<group>";
		};
		45EAC8EB293601AD00C79A5D /* WidgetExtensionDemo */ = {
			isa = PBXGroup;
			children = (
				45EAC8EC293601AD00C79A5D /* WidgetExtensionDemoBundle.swift */,
				45EAC8EE293601AD00C79A5D /* WidgetExtensionDemo.swift */,
				45EAC8F0293601AD00C79A5D /* Assets.xcassets */,
				45EAC8F2293601AD00C79A5D /* Info.plist */,
				45EAC8FE293607B300C79A5D /* ApodImageProvider.swift */,
			);
			path = WidgetExtensionDemo;
			sourceTree = "<group>";
		};
/* End PBXGroup section */

/* Begin PBXNativeTarget section */
		45EAC8CF2936019200C79A5D /* WidgetIntentConfigDemo */ = {
			isa = PBXNativeTarget;
			buildConfigurationList = 45EAC8DE2936019300C79A5D /* Build configuration list for PBXNativeTarget "WidgetIntentConfigDemo" */;
			buildPhases = (
				45EAC8CC2936019200C79A5D /* Sources */,
				45EAC8CD2936019200C79A5D /* Frameworks */,
				45EAC8CE2936019200C79A5D /* Resources */,
				45EAC8F9293601AD00C79A5D /* Embed Foundation Extensions */,
			);
			buildRules = (
			);
			dependencies = (
				45EAC8F4293601AD00C79A5D /* PBXTargetDependency */,
			);
			name = WidgetIntentConfigDemo;
			productName = WidgetIntentConfigDemo;
			productReference = 45EAC8D02936019200C79A5D /* WidgetIntentConfigDemo.app */;
			productType = "com.apple.product-type.application";
		};
		45EAC8E4293601AD00C79A5D /* WidgetExtensionDemoExtension */ = {
			isa = PBXNativeTarget;
			buildConfigurationList = 45EAC8F6293601AD00C79A5D /* Build configuration list for PBXNativeTarget "WidgetExtensionDemoExtension" */;
			buildPhases = (
				45EAC8E1293601AD00C79A5D /* Sources */,
				45EAC8E2293601AD00C79A5D /* Frameworks */,
				45EAC8E3293601AD00C79A5D /* Resources */,
			);
			buildRules = (
			);
			dependencies = (
			);
			name = WidgetExtensionDemoExtension;
			productName = WidgetExtensionDemoExtension;
			productReference = 45EAC8E5293601AD00C79A5D /* WidgetExtensionDemoExtension.appex */;
			productType = "com.apple.product-type.app-extension";
		};
/* End PBXNativeTarget section */

/* Begin PBXProject section */
		45EAC8C82936019200C79A5D /* Project object */ = {
			isa = PBXProject;
			attributes = {
				BuildIndependentTargetsInParallel = 1;
				LastSwiftUpdateCheck = 1410;
				LastUpgradeCheck = 1410;
				TargetAttributes = {
					45EAC8CF2936019200C79A5D = {
						CreatedOnToolsVersion = 14.1;
					};
					45EAC8E4293601AD00C79A5D = {
						CreatedOnToolsVersion = 14.1;
					};
				};
			};
			buildConfigurationList = 45EAC8CB2936019200C79A5D /* Build configuration list for PBXProject "WidgetIntentConfigDemo" */;
			compatibilityVersion = "Xcode 14.0";
			developmentRegion = en;
			hasScannedForEncodings = 0;
			knownRegions = (
				en,
				Base,
			);
			mainGroup = 45EAC8C72936019200C79A5D;
			productRefGroup = 45EAC8D12936019200C79A5D /* Products */;
			projectDirPath = "";
			projectRoot = "";
			targets = (
				45EAC8CF2936019200C79A5D /* WidgetIntentConfigDemo */,
				45EAC8E4293601AD00C79A5D /* WidgetExtensionDemoExtension */,
			);
		};
/* End PBXProject section */

/* Begin PBXResourcesBuildPhase section */
		45EAC8CE2936019200C79A5D /* Resources */ = {
			isa = PBXResourcesBuildPhase;
			buildActionMask = 2147483647;
			files = (
				45EAC8DB2936019300C79A5D /* Preview Assets.xcassets in Resources */,
				45EAC8D82936019300C79A5D /* Assets.xcassets in Resources */,
			);
			runOnlyForDeploymentPostprocessing = 0;
		};
		45EAC8E3293601AD00C79A5D /* Resources */ = {
			isa = PBXResourcesBuildPhase;
			buildActionMask = 2147483647;
			files = (
				45EAC8F1293601AD00C79A5D /* Assets.xcassets in Resources */,
			);
			runOnlyForDeploymentPostprocessing = 0;
		};
/* End PBXResourcesBuildPhase section */

/* Begin PBXSourcesBuildPhase section */
		45EAC8CC2936019200C79A5D /* Sources */ = {
			isa = PBXSourcesBuildPhase;
			buildActionMask = 2147483647;
			files = (
				45EAC8FB293604F000C79A5D /* ApodWidgetConfiguration.intentdefinition in Sources */,
				45EAC8D62936019200C79A5D /* ContentView.swift in Sources */,
				45EAC8D42936019200C79A5D /* WidgetIntentConfigDemoApp.swift in Sources */,
			);
			runOnlyForDeploymentPostprocessing = 0;
		};
		45EAC8E1293601AD00C79A5D /* Sources */ = {
			isa = PBXSourcesBuildPhase;
			buildActionMask = 2147483647;
			files = (
				45EAC900293607B300C79A5D /* ApodImageProvider.swift in Sources */,
				45EAC8FC293604F000C79A5D /* ApodWidgetConfiguration.intentdefinition in Sources */,
				45EAC8EF293601AD00C79A5D /* WidgetExtensionDemo.swift in Sources */,
				45EAC8ED293601AD00C79A5D /* WidgetExtensionDemoBundle.swift in Sources */,
			);
			runOnlyForDeploymentPostprocessing = 0;
		};
/* End PBXSourcesBuildPhase section */

/* Begin PBXTargetDependency section */
		45EAC8F4293601AD00C79A5D /* PBXTargetDependency */ = {
			isa = PBXTargetDependency;
			target = 45EAC8E4293601AD00C79A5D /* WidgetExtensionDemoExtension */;
			targetProxy = 45EAC8F3293601AD00C79A5D /* PBXContainerItemProxy */;
		};
/* End PBXTargetDependency section */

/* Begin XCBuildConfiguration section */
		45EAC8DC2936019300C79A5D /* Debug */ = {
			isa = XCBuildConfiguration;
			buildSettings = {
				ALWAYS_SEARCH_USER_PATHS = NO;
				CLANG_ANALYZER_NONNULL = YES;
				CLANG_ANALYZER_NUMBER_OBJECT_CONVERSION = YES_AGGRESSIVE;
				CLANG_CXX_LANGUAGE_STANDARD = "gnu++20";
				CLANG_ENABLE_MODULES = YES;
				CLANG_ENABLE_OBJC_ARC = YES;
				CLANG_ENABLE_OBJC_WEAK = YES;
				CLANG_WARN_BLOCK_CAPTURE_AUTORELEASING = YES;
				CLANG_WARN_BOOL_CONVERSION = YES;
				CLANG_WARN_COMMA = YES;
				CLANG_WARN_CONSTANT_CONVERSION = YES;
				CLANG_WARN_DEPRECATED_OBJC_IMPLEMENTATIONS = YES;
				CLANG_WARN_DIRECT_OBJC_ISA_USAGE = YES_ERROR;
				CLANG_WARN_DOCUMENTATION_COMMENTS = YES;
				CLANG_WARN_EMPTY_BODY = YES;
				CLANG_WARN_ENUM_CONVERSION = YES;
				CLANG_WARN_INFINITE_RECURSION = YES;
				CLANG_WARN_INT_CONVERSION = YES;
				CLANG_WARN_NON_LITERAL_NULL_CONVERSION = YES;
				CLANG_WARN_OBJC_IMPLICIT_RETAIN_SELF = YES;
				CLANG_WARN_OBJC_LITERAL_CONVERSION = YES;
				CLANG_WARN_OBJC_ROOT_CLASS = YES_ERROR;
				CLANG_WARN_QUOTED_INCLUDE_IN_FRAMEWORK_HEADER = YES;
				CLANG_WARN_RANGE_LOOP_ANALYSIS = YES;
				CLANG_WARN_STRICT_PROTOTYPES = YES;
				CLANG_WARN_SUSPICIOUS_MOVE = YES;
				CLANG_WARN_UNGUARDED_AVAILABILITY = YES_AGGRESSIVE;
				CLANG_WARN_UNREACHABLE_CODE = YES;
				CLANG_WARN__DUPLICATE_METHOD_MATCH = YES;
				COPY_PHASE_STRIP = NO;
				DEBUG_INFORMATION_FORMAT = dwarf;
				ENABLE_STRICT_OBJC_MSGSEND = YES;
				ENABLE_TESTABILITY = YES;
				GCC_C_LANGUAGE_STANDARD = gnu11;
				GCC_DYNAMIC_NO_PIC = NO;
				GCC_NO_COMMON_BLOCKS = YES;
				GCC_OPTIMIZATION_LEVEL = 0;
				GCC_PREPROCESSOR_DEFINITIONS = (
					"DEBUG=1",
					"$(inherited)",
				);
				GCC_WARN_64_TO_32_BIT_CONVERSION = YES;
				GCC_WARN_ABOUT_RETURN_TYPE = YES_ERROR;
				GCC_WARN_UNDECLARED_SELECTOR = YES;
				GCC_WARN_UNINITIALIZED_AUTOS = YES_AGGRESSIVE;
				GCC_WARN_UNUSED_FUNCTION = YES;
				GCC_WARN_UNUSED_VARIABLE = YES;
				IPHONEOS_DEPLOYMENT_TARGET = 16.1;
				MTL_ENABLE_DEBUG_INFO = INCLUDE_SOURCE;
				MTL_FAST_MATH = YES;
				ONLY_ACTIVE_ARCH = YES;
				SDKROOT = iphoneos;
				SWIFT_ACTIVE_COMPILATION_CONDITIONS = DEBUG;
				SWIFT_OPTIMIZATION_LEVEL = "-Onone";
			};
			name = Debug;
		};
		45EAC8DD2936019300C79A5D /* Release */ = {
			isa = XCBuildConfiguration;
			buildSettings = {
				ALWAYS_SEARCH_USER_PATHS = NO;
				CLANG_ANALYZER_NONNULL = YES;
				CLANG_ANALYZER_NUMBER_OBJECT_CONVERSION = YES_AGGRESSIVE;
				CLANG_CXX_LANGUAGE_STANDARD = "gnu++20";
				CLANG_ENABLE_MODULES = YES;
				CLANG_ENABLE_OBJC_ARC = YES;
				CLANG_ENABLE_OBJC_WEAK = YES;
				CLANG_WARN_BLOCK_CAPTURE_AUTORELEASING = YES;
				CLANG_WARN_BOOL_CONVERSION = YES;
				CLANG_WARN_COMMA = YES;
				CLANG_WARN_CONSTANT_CONVERSION = YES;
				CLANG_WARN_DEPRECATED_OBJC_IMPLEMENTATIONS = YES;
				CLANG_WARN_DIRECT_OBJC_ISA_USAGE = YES_ERROR;
				CLANG_WARN_DOCUMENTATION_COMMENTS = YES;
				CLANG_WARN_EMPTY_BODY = YES;
				CLANG_WARN_ENUM_CONVERSION = YES;
				CLANG_WARN_INFINITE_RECURSION = YES;
				CLANG_WARN_INT_CONVERSION = YES;
				CLANG_WARN_NON_LITERAL_NULL_CONVERSION = YES;
				CLANG_WARN_OBJC_IMPLICIT_RETAIN_SELF = YES;
				CLANG_WARN_OBJC_LITERAL_CONVERSION = YES;
				CLANG_WARN_OBJC_ROOT_CLASS = YES_ERROR;
				CLANG_WARN_QUOTED_INCLUDE_IN_FRAMEWORK_HEADER = YES;
				CLANG_WARN_RANGE_LOOP_ANALYSIS = YES;
				CLANG_WARN_STRICT_PROTOTYPES = YES;
				CLANG_WARN_SUSPICIOUS_MOVE = YES;
				CLANG_WARN_UNGUARDED_AVAILABILITY = YES_AGGRESSIVE;
				CLANG_WARN_UNREACHABLE_CODE = YES;
				CLANG_WARN__DUPLICATE_METHOD_MATCH = YES;
				COPY_PHASE_STRIP = NO;
				DEBUG_INFORMATION_FORMAT = "dwarf-with-dsym";
				ENABLE_NS_ASSERTIONS = NO;
				ENABLE_STRICT_OBJC_MSGSEND = YES;
				GCC_C_LANGUAGE_STANDARD = gnu11;
				GCC_NO_COMMON_BLOCKS = YES;
				GCC_WARN_64_TO_32_BIT_CONVERSION = YES;
				GCC_WARN_ABOUT_RETURN_TYPE = YES_ERROR;
				GCC_WARN_UNDECLARED_SELECTOR = YES;
				GCC_WARN_UNINITIALIZED_AUTOS = YES_AGGRESSIVE;
				GCC_WARN_UNUSED_FUNCTION = YES;
				GCC_WARN_UNUSED_VARIABLE = YES;
				IPHONEOS_DEPLOYMENT_TARGET = 16.1;
				MTL_ENABLE_DEBUG_INFO = NO;
				MTL_FAST_MATH = YES;
				SDKROOT = iphoneos;
				SWIFT_COMPILATION_MODE = wholemodule;
				SWIFT_OPTIMIZATION_LEVEL = "-O";
				VALIDATE_PRODUCT = YES;
			};
			name = Release;
		};
		45EAC8DF2936019300C79A5D /* Debug */ = {
			isa = XCBuildConfiguration;
			buildSettings = {
				ALWAYS_EMBED_SWIFT_STANDARD_LIBRARIES = YES;
				ASSETCATALOG_COMPILER_APPICON_NAME = AppIcon;
				ASSETCATALOG_COMPILER_GLOBAL_ACCENT_COLOR_NAME = AccentColor;
				CODE_SIGN_STYLE = Automatic;
				CURRENT_PROJECT_VERSION = 1;
				DEVELOPMENT_ASSET_PATHS = "\"WidgetIntentConfigDemo/Preview Content\"";
				ENABLE_PREVIEWS = YES;
				GENERATE_INFOPLIST_FILE = YES;
				INFOPLIST_FILE = WidgetIntentConfigDemo/Info.plist;
				INFOPLIST_KEY_UIApplicationSceneManifest_Generation = YES;
				INFOPLIST_KEY_UIApplicationSupportsIndirectInputEvents = YES;
				INFOPLIST_KEY_UILaunchScreen_Generation = YES;
				INFOPLIST_KEY_UISupportedInterfaceOrientations_iPad = "UIInterfaceOrientationPortrait UIInterfaceOrientationPortraitUpsideDown UIInterfaceOrientationLandscapeLeft UIInterfaceOrientationLandscapeRight";
				INFOPLIST_KEY_UISupportedInterfaceOrientations_iPhone = "UIInterfaceOrientationPortrait UIInterfaceOrientationLandscapeLeft UIInterfaceOrientationLandscapeRight";
				LD_RUNPATH_SEARCH_PATHS = (
					"$(inherited)",
					"@executable_path/Frameworks",
				);
				MARKETING_VERSION = 1.0;
				PRODUCT_BUNDLE_IDENTIFIER = test.WidgetIntentConfigDemo;
				PRODUCT_NAME = "$(TARGET_NAME)";
				SWIFT_EMIT_LOC_STRINGS = YES;
				SWIFT_VERSION = 5.0;
				TARGETED_DEVICE_FAMILY = "1,2";
			};
			name = Debug;
		};
		45EAC8E02936019300C79A5D /* Release */ = {
			isa = XCBuildConfiguration;
			buildSettings = {
				ALWAYS_EMBED_SWIFT_STANDARD_LIBRARIES = YES;
				ASSETCATALOG_COMPILER_APPICON_NAME = AppIcon;
				ASSETCATALOG_COMPILER_GLOBAL_ACCENT_COLOR_NAME = AccentColor;
				CODE_SIGN_STYLE = Automatic;
				CURRENT_PROJECT_VERSION = 1;
				DEVELOPMENT_ASSET_PATHS = "\"WidgetIntentConfigDemo/Preview Content\"";
				ENABLE_PREVIEWS = YES;
				GENERATE_INFOPLIST_FILE = YES;
				INFOPLIST_FILE = WidgetIntentConfigDemo/Info.plist;
				INFOPLIST_KEY_UIApplicationSceneManifest_Generation = YES;
				INFOPLIST_KEY_UIApplicationSupportsIndirectInputEvents = YES;
				INFOPLIST_KEY_UILaunchScreen_Generation = YES;
				INFOPLIST_KEY_UISupportedInterfaceOrientations_iPad = "UIInterfaceOrientationPortrait UIInterfaceOrientationPortraitUpsideDown UIInterfaceOrientationLandscapeLeft UIInterfaceOrientationLandscapeRight";
				INFOPLIST_KEY_UISupportedInterfaceOrientations_iPhone = "UIInterfaceOrientationPortrait UIInterfaceOrientationLandscapeLeft UIInterfaceOrientationLandscapeRight";
				LD_RUNPATH_SEARCH_PATHS = (
					"$(inherited)",
					"@executable_path/Frameworks",
				);
				MARKETING_VERSION = 1.0;
				PRODUCT_BUNDLE_IDENTIFIER = test.WidgetIntentConfigDemo;
				PRODUCT_NAME = "$(TARGET_NAME)";
				SWIFT_EMIT_LOC_STRINGS = YES;
				SWIFT_VERSION = 5.0;
				TARGETED_DEVICE_FAMILY = "1,2";
			};
			name = Release;
		};
		45EAC8F7293601AD00C79A5D /* Debug */ = {
			isa = XCBuildConfiguration;
			buildSettings = {
				ASSETCATALOG_COMPILER_GLOBAL_ACCENT_COLOR_NAME = AccentColor;
				ASSETCATALOG_COMPILER_WIDGET_BACKGROUND_COLOR_NAME = WidgetBackground;
				CODE_SIGN_STYLE = Automatic;
				CURRENT_PROJECT_VERSION = 1;
				GENERATE_INFOPLIST_FILE = YES;
				INFOPLIST_FILE = WidgetExtensionDemo/Info.plist;
				INFOPLIST_KEY_CFBundleDisplayName = WidgetExtensionDemo;
				INFOPLIST_KEY_NSHumanReadableCopyright = "";
				LD_RUNPATH_SEARCH_PATHS = (
					"$(inherited)",
					"@executable_path/Frameworks",
					"@executable_path/../../Frameworks",
				);
				MARKETING_VERSION = 1.0;
				PRODUCT_BUNDLE_IDENTIFIER = test.WidgetIntentConfigDemo.WidgetExtensionDemo;
				PRODUCT_NAME = "$(TARGET_NAME)";
				SKIP_INSTALL = YES;
				SWIFT_EMIT_LOC_STRINGS = YES;
				SWIFT_VERSION = 5.0;
				TARGETED_DEVICE_FAMILY = "1,2";
			};
			name = Debug;
		};
		45EAC8F8293601AD00C79A5D /* Release */ = {
			isa = XCBuildConfiguration;
			buildSettings = {
				ASSETCATALOG_COMPILER_GLOBAL_ACCENT_COLOR_NAME = AccentColor;
				ASSETCATALOG_COMPILER_WIDGET_BACKGROUND_COLOR_NAME = WidgetBackground;
				CODE_SIGN_STYLE = Automatic;
				CURRENT_PROJECT_VERSION = 1;
				GENERATE_INFOPLIST_FILE = YES;
				INFOPLIST_FILE = WidgetExtensionDemo/Info.plist;
				INFOPLIST_KEY_CFBundleDisplayName = WidgetExtensionDemo;
				INFOPLIST_KEY_NSHumanReadableCopyright = "";
				LD_RUNPATH_SEARCH_PATHS = (
					"$(inherited)",
					"@executable_path/Frameworks",
					"@executable_path/../../Frameworks",
				);
				MARKETING_VERSION = 1.0;
				PRODUCT_BUNDLE_IDENTIFIER = test.WidgetIntentConfigDemo.WidgetExtensionDemo;
				PRODUCT_NAME = "$(TARGET_NAME)";
				SKIP_INSTALL = YES;
				SWIFT_EMIT_LOC_STRINGS = YES;
				SWIFT_VERSION = 5.0;
				TARGETED_DEVICE_FAMILY = "1,2";
			};
			name = Release;
		};
/* End XCBuildConfiguration section */

/* Begin XCConfigurationList section */
		45EAC8CB2936019200C79A5D /* Build configuration list for PBXProject "WidgetIntentConfigDemo" */ = {
			isa = XCConfigurationList;
			buildConfigurations = (
				45EAC8DC2936019300C79A5D /* Debug */,
				45EAC8DD2936019300C79A5D /* Release */,
			);
			defaultConfigurationIsVisible = 0;
			defaultConfigurationName = Release;
		};
		45EAC8DE2936019300C79A5D /* Build configuration list for PBXNativeTarget "WidgetIntentConfigDemo" */ = {
			isa = XCConfigurationList;
			buildConfigurations = (
				45EAC8DF2936019300C79A5D /* Debug */,
				45EAC8E02936019300C79A5D /* Release */,
			);
			defaultConfigurationIsVisible = 0;
			defaultConfigurationName = Release;
		};
		45EAC8F6293601AD00C79A5D /* Build configuration list for PBXNativeTarget "WidgetExtensionDemoExtension" */ = {
			isa = XCConfigurationList;
			buildConfigurations = (
				45EAC8F7293601AD00C79A5D /* Debug */,
				45EAC8F8293601AD00C79A5D /* Release */,
			);
			defaultConfigurationIsVisible = 0;
			defaultConfigurationName = Release;
		};
/* End XCConfigurationList section */
	};
	rootObject = 45EAC8C82936019200C79A5D /* Project object */;
}
